
Microsoft Visual Studio Solution File, Format Version 12.00
# Visual Studio Version 16
VisualStudioVersion = 16.0.30907.101
MinimumVisualStudioVersion = 10.0.40219.1
Project("{9A19103F-16F7-4668-BE54-9A1E7A4F7556}") = "ContosoRenewableEnergyWindfarmMonitoring", "ContosoRenewableEnergyWindfarmMonitoring\ContosoRenewableEnergyWindfarmMonitoring.csproj", "{1D0F1A42-C182-47EB-86E6-2D975B38C4DD}"
EndProject
Project("{FAE04EC0-301F-11D3-BF4B-00C04F79EFBC}") = "GitOps", "GitOps\GitOps.csproj", "{F611E1E8-5330-4CAA-BACE-EC1867F65910}"
EndProject
Global
	GlobalSection(SolutionConfigurationPlatforms) = preSolution
		Debug|Any CPU = Debug|Any CPU
		Release|Any CPU = Release|Any CPU
	EndGlobalSection
	GlobalSection(ProjectConfigurationPlatforms) = postSolution
		{1D0F1A42-C182-47EB-86E6-2D975B38C4DD}.Debug|Any CPU.ActiveCfg = Debug|Any CPU
		{1D0F1A42-C182-47EB-86E6-2D975B38C4DD}.Debug|Any CPU.Build.0 = Debug|Any CPU
		{1D0F1A42-C182-47EB-86E6-2D975B38C4DD}.Release|Any CPU.ActiveCfg = Release|Any CPU
		{1D0F1A42-C182-47EB-86E6-2D975B38C4DD}.Release|Any CPU.Build.0 = Release|Any CPU
		{F611E1E8-5330-4CAA-BACE-EC1867F65910}.Debug|Any CPU.ActiveCfg = Debug|Any CPU
		{F611E1E8-5330-4CAA-BACE-EC1867F65910}.Debug|Any CPU.Build.0 = Debug|Any CPU
		{F611E1E8-5330-4CAA-BACE-EC1867F65910}.Release|Any CPU.ActiveCfg = Release|Any CPU
		{F611E1E8-5330-4CAA-BACE-EC1867F65910}.Release|Any CPU.Build.0 = Release|Any CPU
	EndGlobalSection
	GlobalSection(SolutionProperties) = preSolution
		HideSolutionNode = FALSE
	EndGlobalSection
	GlobalSection(ExtensibilityGlobals) = postSolution
		SolutionGuid = {CC872DF0-DA31-492C-9AC3-56345C1854F9}
	EndGlobalSection
EndGlobal
